{
	"name": "payfort_function",
	"version": "1.0.0",
	"lockfileVersion": 1,
	"requires": true,
	"dependencies": {
		"zcatalyst-sdk-node": {
			"version": "1.1.0",
			"resolved": "https://registry.npmjs.org/zcatalyst-sdk-node/-/zcatalyst-sdk-node-1.1.0.tgz",
			"integrity": "sha512-+Qpydtef5jFltGOnL65oPZrSjr+1/mYTxyoK9DvaNJzkCv16A8cWfJ9OENINyuewfi/L8xwTi5LpVyJUJO5lJA=="
		}
	}
}
